
Microsoft Visual Studio Solution File, Format Version 12.00
# Visual Studio Version 17
VisualStudioVersion = 17.4.33213.308
MinimumVisualStudioVersion = 10.0.40219.1
Project("{FAE04EC0-301F-11D3-BF4B-00C04F79EFBC}") = "BusStop", "BusStop\BusStop.csproj", "{97E81D6F-A07C-4A7D-99E5-921C8D16797A}"
EndProject
Global
	GlobalSection(SolutionConfigurationPlatforms) = preSolution
		Debug|Any CPU = Debug|Any CPU
		Release|Any CPU = Release|Any CPU
	EndGlobalSection
	GlobalSection(ProjectConfigurationPlatforms) = postSolution
		{97E81D6F-A07C-4A7D-99E5-921C8D16797A}.Debug|Any CPU.ActiveCfg = Debug|Any CPU
		{97E81D6F-A07C-4A7D-99E5-921C8D16797A}.Debug|Any CPU.Build.0 = Debug|Any CPU
		{97E81D6F-A07C-4A7D-99E5-921C8D16797A}.Release|Any CPU.ActiveCfg = Release|Any CPU
		{97E81D6F-A07C-4A7D-99E5-921C8D16797A}.Release|Any CPU.Build.0 = Release|Any CPU
	EndGlobalSection
	GlobalSection(SolutionProperties) = preSolution
		HideSolutionNode = FALSE
	EndGlobalSection
	GlobalSection(ExtensibilityGlobals) = postSolution
		SolutionGuid = {FB2DC064-6C9B-445B-8754-5030F87FAB53}
	EndGlobalSection
EndGlobal
